
Microsoft Visual Studio Solution File, Format Version 12.00
# Visual Studio Version 17
VisualStudioVersion = 17.7.34221.43
MinimumVisualStudioVersion = 10.0.40219.1
Project("{2150E333-8FDC-42A3-9474-1A3956D46DE8}") = "Warmup", "Warmup", "{042D0BB2-DD8F-431E-BA1B-AA1DAA31319F}"
EndProject
Project("{9A19103F-16F7-4668-BE54-9A1E7A4F7556}") = "AVeryBigSum", "AVeryBigSum\AVeryBigSum.csproj", "{E899C9F6-3A50-42B7-BBB1-D21D2735A822}"
EndProject
Project("{9A19103F-16F7-4668-BE54-9A1E7A4F7556}") = "BirthdayCakeCandles", "BirthdayCakeCandles\BirthdayCakeCandles.csproj", "{35BABE98-E383-44AD-A919-4C8188D51521}"
EndProject
Project("{9A19103F-16F7-4668-BE54-9A1E7A4F7556}") = "CompareTheTriples", "CompareTheTriples\CompareTheTriples.csproj", "{D8758997-8246-47E1-94B4-4A6F56A28236}"
EndProject
Project("{9A19103F-16F7-4668-BE54-9A1E7A4F7556}") = "DiagonalDifference", "DiagonalDifference\DiagonalDifference.csproj", "{191E33EA-DF86-466C-8FBA-DDAFAD8291C0}"
EndProject
Project("{9A19103F-16F7-4668-BE54-9A1E7A4F7556}") = "MiniMaxSum", "MiniMaxSum\MiniMaxSum.csproj", "{37E539C0-9C19-48D9-AF95-EF991F854FA3}"
EndProject
Project("{9A19103F-16F7-4668-BE54-9A1E7A4F7556}") = "PlusMinus", "PlusMinus\PlusMinus.csproj", "{6F4B5AF6-F0BE-4FE6-8779-2443408E84E1}"
EndProject
Project("{9A19103F-16F7-4668-BE54-9A1E7A4F7556}") = "SimpleArraySum", "SimpleArraySum\SimpleArraySum.csproj", "{621BA041-07DE-4AAF-A6A9-F3D7AFFC3CEB}"
EndProject
Project("{9A19103F-16F7-4668-BE54-9A1E7A4F7556}") = "SolveMeFirst", "SolveMeFirst\SolveMeFirst.csproj", "{8B6E75C1-B877-4C88-988A-D6477B0AF033}"
EndProject
Project("{9A19103F-16F7-4668-BE54-9A1E7A4F7556}") = "Staircase", "Staircase\Staircase.csproj", "{94C39D85-BC1E-439F-831C-F3F497C20282}"
EndProject
Project("{9A19103F-16F7-4668-BE54-9A1E7A4F7556}") = "TimeConversion", "TimeConversion\TimeConversion.csproj", "{7217365D-0BF2-475B-850C-2C17F3562FDC}"
EndProject
Project("{2150E333-8FDC-42A3-9474-1A3956D46DE8}") = "Implementation", "Implementation", "{EF40FCE7-CA52-4AEA-A927-3258E0209424}"
EndProject
Project("{9A19103F-16F7-4668-BE54-9A1E7A4F7556}") = "GradingStudents", "GradingStudents\GradingStudents.csproj", "{08A9B8B0-90A4-4298-867E-0F7FB4C25E69}"
EndProject
Project("{9A19103F-16F7-4668-BE54-9A1E7A4F7556}") = "AppleAndOrange", "AppleAndOrange\AppleAndOrange.csproj", "{F80B851E-9B47-42D2-873F-1D4DFA11542A}"
EndProject
Project("{9A19103F-16F7-4668-BE54-9A1E7A4F7556}") = "NumberLineJumps", "NumberLineJumps\NumberLineJumps.csproj", "{6080DBDA-EA84-416A-99E7-8B02EE3299B9}"
EndProject
Project("{9A19103F-16F7-4668-BE54-9A1E7A4F7556}") = "BetweenTwoSets", "BetweenTwoSets\BetweenTwoSets.csproj", "{DEB3490D-81F1-4DFF-9A62-2E3BA8D0EE95}"
EndProject
Project("{FAE04EC0-301F-11D3-BF4B-00C04F79EFBC}") = "BreakingTheRecords", "BreakingTheRecords\BreakingTheRecords.csproj", "{6AF2AF68-F725-47FA-B3DB-515513947FD4}"
EndProject
Project("{FAE04EC0-301F-11D3-BF4B-00C04F79EFBC}") = "SubarrayDivision", "SubarrayDivision\SubarrayDivision.csproj", "{5C890CE0-2B96-482D-B348-B762172315F4}"
EndProject
Project("{FAE04EC0-301F-11D3-BF4B-00C04F79EFBC}") = "DivisibleSumPairs", "DivisibleSumPairs\DivisibleSumPairs.csproj", "{602EE3C1-399E-4619-A9C7-B0DE0FE898EC}"
EndProject
Project("{FAE04EC0-301F-11D3-BF4B-00C04F79EFBC}") = "MigratoryBirds", "MigratoryBirds\MigratoryBirds.csproj", "{BB32EFF7-429E-4A1B-9416-155317BDFF72}"
EndProject
Global
	GlobalSection(SolutionConfigurationPlatforms) = preSolution
		Debug|Any CPU = Debug|Any CPU
		Release|Any CPU = Release|Any CPU
	EndGlobalSection
	GlobalSection(ProjectConfigurationPlatforms) = postSolution
		{E899C9F6-3A50-42B7-BBB1-D21D2735A822}.Debug|Any CPU.ActiveCfg = Debug|Any CPU
		{E899C9F6-3A50-42B7-BBB1-D21D2735A822}.Debug|Any CPU.Build.0 = Debug|Any CPU
		{E899C9F6-3A50-42B7-BBB1-D21D2735A822}.Release|Any CPU.ActiveCfg = Release|Any CPU
		{E899C9F6-3A50-42B7-BBB1-D21D2735A822}.Release|Any CPU.Build.0 = Release|Any CPU
		{35BABE98-E383-44AD-A919-4C8188D51521}.Debug|Any CPU.ActiveCfg = Debug|Any CPU
		{35BABE98-E383-44AD-A919-4C8188D51521}.Debug|Any CPU.Build.0 = Debug|Any CPU
		{35BABE98-E383-44AD-A919-4C8188D51521}.Release|Any CPU.ActiveCfg = Release|Any CPU
		{35BABE98-E383-44AD-A919-4C8188D51521}.Release|Any CPU.Build.0 = Release|Any CPU
		{D8758997-8246-47E1-94B4-4A6F56A28236}.Debug|Any CPU.ActiveCfg = Debug|Any CPU
		{D8758997-8246-47E1-94B4-4A6F56A28236}.Debug|Any CPU.Build.0 = Debug|Any CPU
		{D8758997-8246-47E1-94B4-4A6F56A28236}.Release|Any CPU.ActiveCfg = Release|Any CPU
		{D8758997-8246-47E1-94B4-4A6F56A28236}.Release|Any CPU.Build.0 = Release|Any CPU
		{191E33EA-DF86-466C-8FBA-DDAFAD8291C0}.Debug|Any CPU.ActiveCfg = Debug|Any CPU
		{191E33EA-DF86-466C-8FBA-DDAFAD8291C0}.Debug|Any CPU.Build.0 = Debug|Any CPU
		{191E33EA-DF86-466C-8FBA-DDAFAD8291C0}.Release|Any CPU.ActiveCfg = Release|Any CPU
		{191E33EA-DF86-466C-8FBA-DDAFAD8291C0}.Release|Any CPU.Build.0 = Release|Any CPU
		{37E539C0-9C19-48D9-AF95-EF991F854FA3}.Debug|Any CPU.ActiveCfg = Debug|Any CPU
		{37E539C0-9C19-48D9-AF95-EF991F854FA3}.Debug|Any CPU.Build.0 = Debug|Any CPU
		{37E539C0-9C19-48D9-AF95-EF991F854FA3}.Release|Any CPU.ActiveCfg = Release|Any CPU
		{37E539C0-9C19-48D9-AF95-EF991F854FA3}.Release|Any CPU.Build.0 = Release|Any CPU
		{6F4B5AF6-F0BE-4FE6-8779-2443408E84E1}.Debug|Any CPU.ActiveCfg = Debug|Any CPU
		{6F4B5AF6-F0BE-4FE6-8779-2443408E84E1}.Debug|Any CPU.Build.0 = Debug|Any CPU
		{6F4B5AF6-F0BE-4FE6-8779-2443408E84E1}.Release|Any CPU.ActiveCfg = Release|Any CPU
		{6F4B5AF6-F0BE-4FE6-8779-2443408E84E1}.Release|Any CPU.Build.0 = Release|Any CPU
		{621BA041-07DE-4AAF-A6A9-F3D7AFFC3CEB}.Debug|Any CPU.ActiveCfg = Debug|Any CPU
		{621BA041-07DE-4AAF-A6A9-F3D7AFFC3CEB}.Debug|Any CPU.Build.0 = Debug|Any CPU
		{621BA041-07DE-4AAF-A6A9-F3D7AFFC3CEB}.Release|Any CPU.ActiveCfg = Release|Any CPU
		{621BA041-07DE-4AAF-A6A9-F3D7AFFC3CEB}.Release|Any CPU.Build.0 = Release|Any CPU
		{8B6E75C1-B877-4C88-988A-D6477B0AF033}.Debug|Any CPU.ActiveCfg = Debug|Any CPU
		{8B6E75C1-B877-4C88-988A-D6477B0AF033}.Debug|Any CPU.Build.0 = Debug|Any CPU
		{8B6E75C1-B877-4C88-988A-D6477B0AF033}.Release|Any CPU.ActiveCfg = Release|Any CPU
		{8B6E75C1-B877-4C88-988A-D6477B0AF033}.Release|Any CPU.Build.0 = Release|Any CPU
		{94C39D85-BC1E-439F-831C-F3F497C20282}.Debug|Any CPU.ActiveCfg = Debug|Any CPU
		{94C39D85-BC1E-439F-831C-F3F497C20282}.Debug|Any CPU.Build.0 = Debug|Any CPU
		{94C39D85-BC1E-439F-831C-F3F497C20282}.Release|Any CPU.ActiveCfg = Release|Any CPU
		{94C39D85-BC1E-439F-831C-F3F497C20282}.Release|Any CPU.Build.0 = Release|Any CPU
		{7217365D-0BF2-475B-850C-2C17F3562FDC}.Debug|Any CPU.ActiveCfg = Debug|Any CPU
		{7217365D-0BF2-475B-850C-2C17F3562FDC}.Debug|Any CPU.Build.0 = Debug|Any CPU
		{7217365D-0BF2-475B-850C-2C17F3562FDC}.Release|Any CPU.ActiveCfg = Release|Any CPU
		{7217365D-0BF2-475B-850C-2C17F3562FDC}.Release|Any CPU.Build.0 = Release|Any CPU
		{08A9B8B0-90A4-4298-867E-0F7FB4C25E69}.Debug|Any CPU.ActiveCfg = Debug|Any CPU
		{08A9B8B0-90A4-4298-867E-0F7FB4C25E69}.Debug|Any CPU.Build.0 = Debug|Any CPU
		{08A9B8B0-90A4-4298-867E-0F7FB4C25E69}.Release|Any CPU.ActiveCfg = Release|Any CPU
		{08A9B8B0-90A4-4298-867E-0F7FB4C25E69}.Release|Any CPU.Build.0 = Release|Any CPU
		{F80B851E-9B47-42D2-873F-1D4DFA11542A}.Debug|Any CPU.ActiveCfg = Debug|Any CPU
		{F80B851E-9B47-42D2-873F-1D4DFA11542A}.Debug|Any CPU.Build.0 = Debug|Any CPU
		{F80B851E-9B47-42D2-873F-1D4DFA11542A}.Release|Any CPU.ActiveCfg = Release|Any CPU
		{F80B851E-9B47-42D2-873F-1D4DFA11542A}.Release|Any CPU.Build.0 = Release|Any CPU
		{6080DBDA-EA84-416A-99E7-8B02EE3299B9}.Debug|Any CPU.ActiveCfg = Debug|Any CPU
		{6080DBDA-EA84-416A-99E7-8B02EE3299B9}.Debug|Any CPU.Build.0 = Debug|Any CPU
		{6080DBDA-EA84-416A-99E7-8B02EE3299B9}.Release|Any CPU.ActiveCfg = Release|Any CPU
		{6080DBDA-EA84-416A-99E7-8B02EE3299B9}.Release|Any CPU.Build.0 = Release|Any CPU
		{DEB3490D-81F1-4DFF-9A62-2E3BA8D0EE95}.Debug|Any CPU.ActiveCfg = Debug|Any CPU
		{DEB3490D-81F1-4DFF-9A62-2E3BA8D0EE95}.Debug|Any CPU.Build.0 = Debug|Any CPU
		{DEB3490D-81F1-4DFF-9A62-2E3BA8D0EE95}.Release|Any CPU.ActiveCfg = Release|Any CPU
		{DEB3490D-81F1-4DFF-9A62-2E3BA8D0EE95}.Release|Any CPU.Build.0 = Release|Any CPU
		{6AF2AF68-F725-47FA-B3DB-515513947FD4}.Debug|Any CPU.ActiveCfg = Debug|Any CPU
		{6AF2AF68-F725-47FA-B3DB-515513947FD4}.Debug|Any CPU.Build.0 = Debug|Any CPU
		{6AF2AF68-F725-47FA-B3DB-515513947FD4}.Release|Any CPU.ActiveCfg = Release|Any CPU
		{6AF2AF68-F725-47FA-B3DB-515513947FD4}.Release|Any CPU.Build.0 = Release|Any CPU
		{5C890CE0-2B96-482D-B348-B762172315F4}.Debug|Any CPU.ActiveCfg = Debug|Any CPU
		{5C890CE0-2B96-482D-B348-B762172315F4}.Debug|Any CPU.Build.0 = Debug|Any CPU
		{5C890CE0-2B96-482D-B348-B762172315F4}.Release|Any CPU.ActiveCfg = Release|Any CPU
		{5C890CE0-2B96-482D-B348-B762172315F4}.Release|Any CPU.Build.0 = Release|Any CPU
		{602EE3C1-399E-4619-A9C7-B0DE0FE898EC}.Debug|Any CPU.ActiveCfg = Debug|Any CPU
		{602EE3C1-399E-4619-A9C7-B0DE0FE898EC}.Debug|Any CPU.Build.0 = Debug|Any CPU
		{602EE3C1-399E-4619-A9C7-B0DE0FE898EC}.Release|Any CPU.ActiveCfg = Release|Any CPU
		{602EE3C1-399E-4619-A9C7-B0DE0FE898EC}.Release|Any CPU.Build.0 = Release|Any CPU
		{BB32EFF7-429E-4A1B-9416-155317BDFF72}.Debug|Any CPU.ActiveCfg = Debug|Any CPU
		{BB32EFF7-429E-4A1B-9416-155317BDFF72}.Debug|Any CPU.Build.0 = Debug|Any CPU
		{BB32EFF7-429E-4A1B-9416-155317BDFF72}.Release|Any CPU.ActiveCfg = Release|Any CPU
		{BB32EFF7-429E-4A1B-9416-155317BDFF72}.Release|Any CPU.Build.0 = Release|Any CPU
	EndGlobalSection
	GlobalSection(SolutionProperties) = preSolution
		HideSolutionNode = FALSE
	EndGlobalSection
	GlobalSection(NestedProjects) = preSolution
		{E899C9F6-3A50-42B7-BBB1-D21D2735A822} = {042D0BB2-DD8F-431E-BA1B-AA1DAA31319F}
		{35BABE98-E383-44AD-A919-4C8188D51521} = {042D0BB2-DD8F-431E-BA1B-AA1DAA31319F}
		{D8758997-8246-47E1-94B4-4A6F56A28236} = {042D0BB2-DD8F-431E-BA1B-AA1DAA31319F}
		{191E33EA-DF86-466C-8FBA-DDAFAD8291C0} = {042D0BB2-DD8F-431E-BA1B-AA1DAA31319F}
		{37E539C0-9C19-48D9-AF95-EF991F854FA3} = {042D0BB2-DD8F-431E-BA1B-AA1DAA31319F}
		{6F4B5AF6-F0BE-4FE6-8779-2443408E84E1} = {042D0BB2-DD8F-431E-BA1B-AA1DAA31319F}
		{621BA041-07DE-4AAF-A6A9-F3D7AFFC3CEB} = {042D0BB2-DD8F-431E-BA1B-AA1DAA31319F}
		{8B6E75C1-B877-4C88-988A-D6477B0AF033} = {042D0BB2-DD8F-431E-BA1B-AA1DAA31319F}
		{94C39D85-BC1E-439F-831C-F3F497C20282} = {042D0BB2-DD8F-431E-BA1B-AA1DAA31319F}
		{7217365D-0BF2-475B-850C-2C17F3562FDC} = {042D0BB2-DD8F-431E-BA1B-AA1DAA31319F}
		{08A9B8B0-90A4-4298-867E-0F7FB4C25E69} = {EF40FCE7-CA52-4AEA-A927-3258E0209424}
		{F80B851E-9B47-42D2-873F-1D4DFA11542A} = {EF40FCE7-CA52-4AEA-A927-3258E0209424}
		{6080DBDA-EA84-416A-99E7-8B02EE3299B9} = {EF40FCE7-CA52-4AEA-A927-3258E0209424}
		{DEB3490D-81F1-4DFF-9A62-2E3BA8D0EE95} = {EF40FCE7-CA52-4AEA-A927-3258E0209424}
		{6AF2AF68-F725-47FA-B3DB-515513947FD4} = {EF40FCE7-CA52-4AEA-A927-3258E0209424}
		{5C890CE0-2B96-482D-B348-B762172315F4} = {EF40FCE7-CA52-4AEA-A927-3258E0209424}
		{602EE3C1-399E-4619-A9C7-B0DE0FE898EC} = {EF40FCE7-CA52-4AEA-A927-3258E0209424}
		{BB32EFF7-429E-4A1B-9416-155317BDFF72} = {EF40FCE7-CA52-4AEA-A927-3258E0209424}
	EndGlobalSection
	GlobalSection(ExtensibilityGlobals) = postSolution
		SolutionGuid = {429E2F58-18D2-4619-8902-8B0FB57169E7}
	EndGlobalSection
EndGlobal
