
Microsoft Visual Studio Solution File, Format Version 12.00
# Visual Studio Version 17
VisualStudioVersion = 17.7.34221.43
MinimumVisualStudioVersion = 10.0.40219.1
Project("{2150E333-8FDC-42A3-9474-1A3956D46DE8}") = "Warmup", "Warmup", "{042D0BB2-DD8F-431E-BA1B-AA1DAA31319F}"
EndProject
Project("{FAE04EC0-301F-11D3-BF4B-00C04F79EFBC}") = "AVeryBigSum", "AVeryBigSum\AVeryBigSum.csproj", "{E899C9F6-3A50-42B7-BBB1-D21D2735A822}"
EndProject
Project("{FAE04EC0-301F-11D3-BF4B-00C04F79EFBC}") = "BirthdayCakeCandles", "BirthdayCakeCandles\BirthdayCakeCandles.csproj", "{35BABE98-E383-44AD-A919-4C8188D51521}"
EndProject
Project("{FAE04EC0-301F-11D3-BF4B-00C04F79EFBC}") = "CompareTheTriples", "CompareTheTriples\CompareTheTriples.csproj", "{D8758997-8246-47E1-94B4-4A6F56A28236}"
EndProject
Project("{FAE04EC0-301F-11D3-BF4B-00C04F79EFBC}") = "DiagonalDifference", "DiagonalDifference\DiagonalDifference.csproj", "{191E33EA-DF86-466C-8FBA-DDAFAD8291C0}"
EndProject
Project("{FAE04EC0-301F-11D3-BF4B-00C04F79EFBC}") = "MiniMaxSum", "MiniMaxSum\MiniMaxSum.csproj", "{37E539C0-9C19-48D9-AF95-EF991F854FA3}"
EndProject
Project("{FAE04EC0-301F-11D3-BF4B-00C04F79EFBC}") = "PlusMinus", "PlusMinus\PlusMinus.csproj", "{6F4B5AF6-F0BE-4FE6-8779-2443408E84E1}"
EndProject
Project("{FAE04EC0-301F-11D3-BF4B-00C04F79EFBC}") = "SimpleArraySum", "SimpleArraySum\SimpleArraySum.csproj", "{621BA041-07DE-4AAF-A6A9-F3D7AFFC3CEB}"
EndProject
Project("{FAE04EC0-301F-11D3-BF4B-00C04F79EFBC}") = "SolveMeFirst", "SolveMeFirst\SolveMeFirst.csproj", "{8B6E75C1-B877-4C88-988A-D6477B0AF033}"
EndProject
Project("{FAE04EC0-301F-11D3-BF4B-00C04F79EFBC}") = "Staircase", "Staircase\Staircase.csproj", "{94C39D85-BC1E-439F-831C-F3F497C20282}"
EndProject
Project("{FAE04EC0-301F-11D3-BF4B-00C04F79EFBC}") = "TimeConversion", "TimeConversion\TimeConversion.csproj", "{7217365D-0BF2-475B-850C-2C17F3562FDC}"
EndProject
Global
	GlobalSection(SolutionConfigurationPlatforms) = preSolution
		Debug|Any CPU = Debug|Any CPU
		Release|Any CPU = Release|Any CPU
	EndGlobalSection
	GlobalSection(ProjectConfigurationPlatforms) = postSolution
		{E899C9F6-3A50-42B7-BBB1-D21D2735A822}.Debug|Any CPU.ActiveCfg = Debug|Any CPU
		{E899C9F6-3A50-42B7-BBB1-D21D2735A822}.Debug|Any CPU.Build.0 = Debug|Any CPU
		{E899C9F6-3A50-42B7-BBB1-D21D2735A822}.Release|Any CPU.ActiveCfg = Release|Any CPU
		{E899C9F6-3A50-42B7-BBB1-D21D2735A822}.Release|Any CPU.Build.0 = Release|Any CPU
		{35BABE98-E383-44AD-A919-4C8188D51521}.Debug|Any CPU.ActiveCfg = Debug|Any CPU
		{35BABE98-E383-44AD-A919-4C8188D51521}.Debug|Any CPU.Build.0 = Debug|Any CPU
		{35BABE98-E383-44AD-A919-4C8188D51521}.Release|Any CPU.ActiveCfg = Release|Any CPU
		{35BABE98-E383-44AD-A919-4C8188D51521}.Release|Any CPU.Build.0 = Release|Any CPU
		{D8758997-8246-47E1-94B4-4A6F56A28236}.Debug|Any CPU.ActiveCfg = Debug|Any CPU
		{D8758997-8246-47E1-94B4-4A6F56A28236}.Debug|Any CPU.Build.0 = Debug|Any CPU
		{D8758997-8246-47E1-94B4-4A6F56A28236}.Release|Any CPU.ActiveCfg = Release|Any CPU
		{D8758997-8246-47E1-94B4-4A6F56A28236}.Release|Any CPU.Build.0 = Release|Any CPU
		{191E33EA-DF86-466C-8FBA-DDAFAD8291C0}.Debug|Any CPU.ActiveCfg = Debug|Any CPU
		{191E33EA-DF86-466C-8FBA-DDAFAD8291C0}.Debug|Any CPU.Build.0 = Debug|Any CPU
		{191E33EA-DF86-466C-8FBA-DDAFAD8291C0}.Release|Any CPU.ActiveCfg = Release|Any CPU
		{191E33EA-DF86-466C-8FBA-DDAFAD8291C0}.Release|Any CPU.Build.0 = Release|Any CPU
		{37E539C0-9C19-48D9-AF95-EF991F854FA3}.Debug|Any CPU.ActiveCfg = Debug|Any CPU
		{37E539C0-9C19-48D9-AF95-EF991F854FA3}.Debug|Any CPU.Build.0 = Debug|Any CPU
		{37E539C0-9C19-48D9-AF95-EF991F854FA3}.Release|Any CPU.ActiveCfg = Release|Any CPU
		{37E539C0-9C19-48D9-AF95-EF991F854FA3}.Release|Any CPU.Build.0 = Release|Any CPU
		{6F4B5AF6-F0BE-4FE6-8779-2443408E84E1}.Debug|Any CPU.ActiveCfg = Debug|Any CPU
		{6F4B5AF6-F0BE-4FE6-8779-2443408E84E1}.Debug|Any CPU.Build.0 = Debug|Any CPU
		{6F4B5AF6-F0BE-4FE6-8779-2443408E84E1}.Release|Any CPU.ActiveCfg = Release|Any CPU
		{6F4B5AF6-F0BE-4FE6-8779-2443408E84E1}.Release|Any CPU.Build.0 = Release|Any CPU
		{621BA041-07DE-4AAF-A6A9-F3D7AFFC3CEB}.Debug|Any CPU.ActiveCfg = Debug|Any CPU
		{621BA041-07DE-4AAF-A6A9-F3D7AFFC3CEB}.Debug|Any CPU.Build.0 = Debug|Any CPU
		{621BA041-07DE-4AAF-A6A9-F3D7AFFC3CEB}.Release|Any CPU.ActiveCfg = Release|Any CPU
		{621BA041-07DE-4AAF-A6A9-F3D7AFFC3CEB}.Release|Any CPU.Build.0 = Release|Any CPU
		{8B6E75C1-B877-4C88-988A-D6477B0AF033}.Debug|Any CPU.ActiveCfg = Debug|Any CPU
		{8B6E75C1-B877-4C88-988A-D6477B0AF033}.Debug|Any CPU.Build.0 = Debug|Any CPU
		{8B6E75C1-B877-4C88-988A-D6477B0AF033}.Release|Any CPU.ActiveCfg = Release|Any CPU
		{8B6E75C1-B877-4C88-988A-D6477B0AF033}.Release|Any CPU.Build.0 = Release|Any CPU
		{94C39D85-BC1E-439F-831C-F3F497C20282}.Debug|Any CPU.ActiveCfg = Debug|Any CPU
		{94C39D85-BC1E-439F-831C-F3F497C20282}.Debug|Any CPU.Build.0 = Debug|Any CPU
		{94C39D85-BC1E-439F-831C-F3F497C20282}.Release|Any CPU.ActiveCfg = Release|Any CPU
		{94C39D85-BC1E-439F-831C-F3F497C20282}.Release|Any CPU.Build.0 = Release|Any CPU
		{7217365D-0BF2-475B-850C-2C17F3562FDC}.Debug|Any CPU.ActiveCfg = Debug|Any CPU
		{7217365D-0BF2-475B-850C-2C17F3562FDC}.Debug|Any CPU.Build.0 = Debug|Any CPU
		{7217365D-0BF2-475B-850C-2C17F3562FDC}.Release|Any CPU.ActiveCfg = Release|Any CPU
		{7217365D-0BF2-475B-850C-2C17F3562FDC}.Release|Any CPU.Build.0 = Release|Any CPU
	EndGlobalSection
	GlobalSection(SolutionProperties) = preSolution
		HideSolutionNode = FALSE
	EndGlobalSection
	GlobalSection(NestedProjects) = preSolution
		{E899C9F6-3A50-42B7-BBB1-D21D2735A822} = {042D0BB2-DD8F-431E-BA1B-AA1DAA31319F}
		{35BABE98-E383-44AD-A919-4C8188D51521} = {042D0BB2-DD8F-431E-BA1B-AA1DAA31319F}
		{D8758997-8246-47E1-94B4-4A6F56A28236} = {042D0BB2-DD8F-431E-BA1B-AA1DAA31319F}
		{191E33EA-DF86-466C-8FBA-DDAFAD8291C0} = {042D0BB2-DD8F-431E-BA1B-AA1DAA31319F}
		{37E539C0-9C19-48D9-AF95-EF991F854FA3} = {042D0BB2-DD8F-431E-BA1B-AA1DAA31319F}
		{6F4B5AF6-F0BE-4FE6-8779-2443408E84E1} = {042D0BB2-DD8F-431E-BA1B-AA1DAA31319F}
		{621BA041-07DE-4AAF-A6A9-F3D7AFFC3CEB} = {042D0BB2-DD8F-431E-BA1B-AA1DAA31319F}
		{8B6E75C1-B877-4C88-988A-D6477B0AF033} = {042D0BB2-DD8F-431E-BA1B-AA1DAA31319F}
		{94C39D85-BC1E-439F-831C-F3F497C20282} = {042D0BB2-DD8F-431E-BA1B-AA1DAA31319F}
		{7217365D-0BF2-475B-850C-2C17F3562FDC} = {042D0BB2-DD8F-431E-BA1B-AA1DAA31319F}
	EndGlobalSection
	GlobalSection(ExtensibilityGlobals) = postSolution
		SolutionGuid = {429E2F58-18D2-4619-8902-8B0FB57169E7}
	EndGlobalSection
EndGlobal
